// !$*UTF8*$!
{
	archiveVersion = 1;
	classes = {
	};
	objectVersion = 46;
	objects = {

/* Begin PBXBuildFile section */
		5723A5E91A1A31DB002A1417 /* main.m in Sources */ = {isa = PBXBuildFile; fileRef = 5723A5E81A1A31DB002A1417 /* main.m */; };
		5723A5EF1A1A31DB002A1417 /* ViewController.m in Sources */ = {isa = PBXBuildFile; fileRef = 5723A5EE1A1A31DB002A1417 /* ViewController.m */; };
		5723A5F21A1A31DB002A1417 /* Main.storyboard in Resources */ = {isa = PBXBuildFile; fileRef = 5723A5F01A1A31DB002A1417 /* Main.storyboard */; };
		5723A5F41A1A31DB002A1417 /* Images.xcassets in Resources */ = {isa = PBXBuildFile; fileRef = 5723A5F31A1A31DB002A1417 /* Images.xcassets */; };
		5723A5F71A1A31DB002A1417 /* LaunchScreen.xib in Resources */ = {isa = PBXBuildFile; fileRef = 5723A5F51A1A31DB002A1417 /* LaunchScreen.xib */; };
		5723A6031A1A31DB002A1417 /* TableViewHomeWork2Tests.m in Sources */ = {isa = PBXBuildFile; fileRef = 5723A6021A1A31DB002A1417 /* TableViewHomeWork2Tests.m */; };
		5723A60D1A1A3206002A1417 /* VSTableViewController.m in Sources */ = {isa = PBXBuildFile; fileRef = 5723A60C1A1A3206002A1417 /* VSTableViewController.m */; };
		5723A6101A1A3242002A1417 /* AppDelegate.m in Sources */ = {isa = PBXBuildFile; fileRef = 5723A60F1A1A3242002A1417 /* AppDelegate.m */; };
/* End PBXBuildFile section */

/* Begin PBXContainerItemProxy section */
		5723A5FD1A1A31DB002A1417 /* PBXContainerItemProxy */ = {
			isa = PBXContainerItemProxy;
			containerPortal = 5723A5DB1A1A31DB002A1417 /* Project object */;
			proxyType = 1;
			remoteGlobalIDString = 5723A5E21A1A31DB002A1417;
			remoteInfo = TableViewHomeWork2;
		};
/* End PBXContainerItemProxy section */

/* Begin PBXFileReference section */
		5723A5E31A1A31DB002A1417 /* TableViewHomeWork2.app */ = {isa = PBXFileReference; explicitFileType = wrapper.application; includeInIndex = 0; path = TableViewHomeWork2.app; sourceTree = BUILT_PRODUCTS_DIR; };
		5723A5E71A1A31DB002A1417 /* Info.plist */ = {isa = PBXFileReference; lastKnownFileType = text.plist.xml; path = Info.plist; sourceTree = "<group>"; };
		5723A5E81A1A31DB002A1417 /* main.m */ = {isa = PBXFileReference; lastKnownFileType = sourcecode.c.objc; path = main.m; sourceTree = "<group>"; };
		5723A5EA1A1A31DB002A1417 /* AppDelegate.h */ = {isa = PBXFileReference; lastKnownFileType = sourcecode.c.h; path = AppDelegate.h; sourceTree = "<group>"; };
		5723A5ED1A1A31DB002A1417 /* ViewController.h */ = {isa = PBXFileReference; lastKnownFileType = sourcecode.c.h; path = ViewController.h; sourceTree = "<group>"; };
		5723A5EE1A1A31DB002A1417 /* ViewController.m */ = {isa = PBXFileReference; lastKnownFileType = sourcecode.c.objc; path = ViewController.m; sourceTree = "<group>"; };
		5723A5F11A1A31DB002A1417 /* Base */ = {isa = PBXFileReference; lastKnownFileType = file.storyboard; name = Base; path = Base.lproj/Main.storyboard; sourceTree = "<group>"; };
		5723A5F31A1A31DB002A1417 /* Images.xcassets */ = {isa = PBXFileReference; lastKnownFileType = folder.assetcatalog; path = Images.xcassets; sourceTree = "<group>"; };
		5723A5F61A1A31DB002A1417 /* Base */ = {isa = PBXFileReference; lastKnownFileType = file.xib; name = Base; path = Base.lproj/LaunchScreen.xib; sourceTree = "<group>"; };
		5723A5FC1A1A31DB002A1417 /* TableViewHomeWork2Tests.xctest */ = {isa = PBXFileReference; explicitFileType = wrapper.cfbundle; includeInIndex = 0; path = TableViewHomeWork2Tests.xctest; sourceTree = BUILT_PRODUCTS_DIR; };
		5723A6011A1A31DB002A1417 /* Info.plist */ = {isa = PBXFileReference; lastKnownFileType = text.plist.xml; path = Info.plist; sourceTree = "<group>"; };
		5723A6021A1A31DB002A1417 /* TableViewHomeWork2Tests.m */ = {isa = PBXFileReference; lastKnownFileType = sourcecode.c.objc; path = TableViewHomeWork2Tests.m; sourceTree = "<group>"; };
		5723A60C1A1A3206002A1417 /* VSTableViewController.m */ = {isa = PBXFileReference; fileEncoding = 4; lastKnownFileType = sourcecode.c.objc; name = VSTableViewController.m; path = ../../TableViewHomeWork/TableViewHomeWork/VSTableViewController.m; sourceTree = "<group>"; };
		5723A60E1A1A3220002A1417 /* ViewController.h */ = {isa = PBXFileReference; fileEncoding = 4; lastKnownFileType = sourcecode.c.h; name = ViewController.h; path = ../../TableViewHomeWork/TableViewHomeWork/ViewController.h; sourceTree = "<group>"; };
		5723A60F1A1A3242002A1417 /* AppDelegate.m */ = {isa = PBXFileReference; fileEncoding = 4; lastKnownFileType = sourcecode.c.objc; name = AppDelegate.m; path = ../../TableViewHomeWork/TableViewHomeWork/AppDelegate.m; sourceTree = "<group>"; };
/* End PBXFileReference section */

/* Begin PBXFrameworksBuildPhase section */
		5723A5E01A1A31DB002A1417 /* Frameworks */ = {
			isa = PBXFrameworksBuildPhase;
			buildActionMask = 2147483647;
			files = (
			);
			runOnlyForDeploymentPostprocessing = 0;
		};
		5723A5F91A1A31DB002A1417 /* Frameworks */ = {
			isa = PBXFrameworksBuildPhase;
			buildActionMask = 2147483647;
			files = (
			);
			runOnlyForDeploymentPostprocessing = 0;
		};
/* End PBXFrameworksBuildPhase section */

/* Begin PBXGroup section */
		5723A5DA1A1A31DB002A1417 = {
			isa = PBXGroup;
			children = (
				5723A5E51A1A31DB002A1417 /* TableViewHomeWork2 */,
				5723A5FF1A1A31DB002A1417 /* TableViewHomeWork2Tests */,
				5723A5E41A1A31DB002A1417 /* Products */,
			);
			sourceTree = "<group>";
		};
		5723A5E41A1A31DB002A1417 /* Products */ = {
			isa = PBXGroup;
			children = (
				5723A5E31A1A31DB002A1417 /* TableViewHomeWork2.app */,
				5723A5FC1A1A31DB002A1417 /* TableViewHomeWork2Tests.xctest */,
			);
			name = Products;
			sourceTree = "<group>";
		};
		5723A5E51A1A31DB002A1417 /* TableViewHomeWork2 */ = {
			isa = PBXGroup;
			children = (
				5723A60E1A1A3220002A1417 /* ViewController.h */,
				5723A60C1A1A3206002A1417 /* VSTableViewController.m */,
				5723A5EA1A1A31DB002A1417 /* AppDelegate.h */,
				5723A60F1A1A3242002A1417 /* AppDelegate.m */,
				5723A5ED1A1A31DB002A1417 /* ViewController.h */,
				5723A5EE1A1A31DB002A1417 /* ViewController.m */,
				5723A5F01A1A31DB002A1417 /* Main.storyboard */,
				5723A5F31A1A31DB002A1417 /* Images.xcassets */,
				5723A5F51A1A31DB002A1417 /* LaunchScreen.xib */,
				5723A5E61A1A31DB002A1417 /* Supporting Files */,
			);
			path = TableViewHomeWork2;
			sourceTree = "<group>";
		};
		5723A5E61A1A31DB002A1417 /* Supporting Files */ = {
			isa = PBXGroup;
			children = (
				5723A5E71A1A31DB002A1417 /* Info.plist */,
				5723A5E81A1A31DB002A1417 /* main.m */,
			);
			name = "Supporting Files";
			sourceTree = "<group>";
		};
		5723A5FF1A1A31DB002A1417 /* TableViewHomeWork2Tests */ = {
			isa = PBXGroup;
			children = (
				5723A6021A1A31DB002A1417 /* TableViewHomeWork2Tests.m */,
				5723A6001A1A31DB002A1417 /* Supporting Files */,
			);
			path = TableViewHomeWork2Tests;
			sourceTree = "<group>";
		};
		5723A6001A1A31DB002A1417 /* Supporting Files */ = {
			isa = PBXGroup;
			children = (
				5723A6011A1A31DB002A1417 /* Info.plist */,
			);
			name = "Supporting Files";
			sourceTree = "<group>";
		};
/* End PBXGroup section */

/* Begin PBXNativeTarget section */
		5723A5E21A1A31DB002A1417 /* TableViewHomeWork2 */ = {
			isa = PBXNativeTarget;
			buildConfigurationList = 5723A6061A1A31DB002A1417 /* Build configuration list for PBXNativeTarget "TableViewHomeWork2" */;
			buildPhases = (
				5723A5DF1A1A31DB002A1417 /* Sources */,
				5723A5E01A1A31DB002A1417 /* Frameworks */,
				5723A5E11A1A31DB002A1417 /* Resources */,
			);
			buildRules = (
			);
			dependencies = (
			);
			name = TableViewHomeWork2;
			productName = TableViewHomeWork2;
			productReference = 5723A5E31A1A31DB002A1417 /* TableViewHomeWork2.app */;
			productType = "com.apple.product-type.application";
		};
		5723A5FB1A1A31DB002A1417 /* TableViewHomeWork2Tests */ = {
			isa = PBXNativeTarget;
			buildConfigurationList = 5723A6091A1A31DB002A1417 /* Build configuration list for PBXNativeTarget "TableViewHomeWork2Tests" */;
			buildPhases = (
				5723A5F81A1A31DB002A1417 /* Sources */,
				5723A5F91A1A31DB002A1417 /* Frameworks */,
				5723A5FA1A1A31DB002A1417 /* Resources */,
			);
			buildRules = (
			);
			dependencies = (
				5723A5FE1A1A31DB002A1417 /* PBXTargetDependency */,
			);
			name = TableViewHomeWork2Tests;
			productName = TableViewHomeWork2Tests;
			productReference = 5723A5FC1A1A31DB002A1417 /* TableViewHomeWork2Tests.xctest */;
			productType = "com.apple.product-type.bundle.unit-test";
		};
/* End PBXNativeTarget section */

/* Begin PBXProject section */
		5723A5DB1A1A31DB002A1417 /* Project object */ = {
			isa = PBXProject;
			attributes = {
				LastUpgradeCheck = 0610;
				ORGANIZATIONNAME = "Volodymyr Shchygorets";
				TargetAttributes = {
					5723A5E21A1A31DB002A1417 = {
						CreatedOnToolsVersion = 6.1;
					};
					5723A5FB1A1A31DB002A1417 = {
						CreatedOnToolsVersion = 6.1;
						TestTargetID = 5723A5E21A1A31DB002A1417;
					};
				};
			};
			buildConfigurationList = 5723A5DE1A1A31DB002A1417 /* Build configuration list for PBXProject "TableViewHomeWork2" */;
			compatibilityVersion = "Xcode 3.2";
			developmentRegion = English;
			hasScannedForEncodings = 0;
			knownRegions = (
				en,
				Base,
			);
			mainGroup = 5723A5DA1A1A31DB002A1417;
			productRefGroup = 5723A5E41A1A31DB002A1417 /* Products */;
			projectDirPath = "";
			projectRoot = "";
			targets = (
				5723A5E21A1A31DB002A1417 /* TableViewHomeWork2 */,
				5723A5FB1A1A31DB002A1417 /* TableViewHomeWork2Tests */,
			);
		};
/* End PBXProject section */

/* Begin PBXResourcesBuildPhase section */
		5723A5E11A1A31DB002A1417 /* Resources */ = {
			isa = PBXResourcesBuildPhase;
			buildActionMask = 2147483647;
			files = (
				5723A5F21A1A31DB002A1417 /* Main.storyboard in Resources */,
				5723A5F71A1A31DB002A1417 /* LaunchScreen.xib in Resources */,
				5723A5F41A1A31DB002A1417 /* Images.xcassets in Resources */,
			);
			runOnlyForDeploymentPostprocessing = 0;
		};
		5723A5FA1A1A31DB002A1417 /* Resources */ = {
			isa = PBXResourcesBuildPhase;
			buildActionMask = 2147483647;
			files = (
			);
			runOnlyForDeploymentPostprocessing = 0;
		};
/* End PBXResourcesBuildPhase section */

/* Begin PBXSourcesBuildPhase section */
		5723A5DF1A1A31DB002A1417 /* Sources */ = {
			isa = PBXSourcesBuildPhase;
			buildActionMask = 2147483647;
			files = (
				5723A5EF1A1A31DB002A1417 /* ViewController.m in Sources */,
				5723A60D1A1A3206002A1417 /* VSTableViewController.m in Sources */,
				5723A5E91A1A31DB002A1417 /* main.m in Sources */,
				5723A6101A1A3242002A1417 /* AppDelegate.m in Sources */,
			);
			runOnlyForDeploymentPostprocessing = 0;
		};
		5723A5F81A1A31DB002A1417 /* Sources */ = {
			isa = PBXSourcesBuildPhase;
			buildActionMask = 2147483647;
			files = (
				5723A6031A1A31DB002A1417 /* TableViewHomeWork2Tests.m in Sources */,
			);
			runOnlyForDeploymentPostprocessing = 0;
		};
/* End PBXSourcesBuildPhase section */

/* Begin PBXTargetDependency section */
		5723A5FE1A1A31DB002A1417 /* PBXTargetDependency */ = {
			isa = PBXTargetDependency;
			target = 5723A5E21A1A31DB002A1417 /* TableViewHomeWork2 */;
			targetProxy = 5723A5FD1A1A31DB002A1417 /* PBXContainerItemProxy */;
		};
/* End PBXTargetDependency section */

/* Begin PBXVariantGroup section */
		5723A5F01A1A31DB002A1417 /* Main.storyboard */ = {
			isa = PBXVariantGroup;
			children = (
				5723A5F11A1A31DB002A1417 /* Base */,
			);
			name = Main.storyboard;
			sourceTree = "<group>";
		};
		5723A5F51A1A31DB002A1417 /* LaunchScreen.xib */ = {
			isa = PBXVariantGroup;
			children = (
				5723A5F61A1A31DB002A1417 /* Base */,
			);
			name = LaunchScreen.xib;
			sourceTree = "<group>";
		};
/* End PBXVariantGroup section */

/* Begin XCBuildConfiguration section */
		5723A6041A1A31DB002A1417 /* Debug */ = {
			isa = XCBuildConfiguration;
			buildSettings = {
				ALWAYS_SEARCH_USER_PATHS = NO;
				CLANG_CXX_LANGUAGE_STANDARD = "gnu++0x";
				CLANG_CXX_LIBRARY = "libc++";
				CLANG_ENABLE_MODULES = YES;
				CLANG_ENABLE_OBJC_ARC = YES;
				CLANG_WARN_BOOL_CONVERSION = YES;
				CLANG_WARN_CONSTANT_CONVERSION = YES;
				CLANG_WARN_DIRECT_OBJC_ISA_USAGE = YES_ERROR;
				CLANG_WARN_EMPTY_BODY = YES;
				CLANG_WARN_ENUM_CONVERSION = YES;
				CLANG_WARN_INT_CONVERSION = YES;
				CLANG_WARN_OBJC_ROOT_CLASS = YES_ERROR;
				CLANG_WARN_UNREACHABLE_CODE = YES;
				CLANG_WARN__DUPLICATE_METHOD_MATCH = YES;
				"CODE_SIGN_IDENTITY[sdk=iphoneos*]" = "iPhone Developer";
				COPY_PHASE_STRIP = NO;
				ENABLE_STRICT_OBJC_MSGSEND = YES;
				GCC_C_LANGUAGE_STANDARD = gnu99;
				GCC_DYNAMIC_NO_PIC = NO;
				GCC_OPTIMIZATION_LEVEL = 0;
				GCC_PREPROCESSOR_DEFINITIONS = (
					"DEBUG=1",
					"$(inherited)",
				);
				GCC_SYMBOLS_PRIVATE_EXTERN = NO;
				GCC_WARN_64_TO_32_BIT_CONVERSION = YES;
				GCC_WARN_ABOUT_RETURN_TYPE = YES_ERROR;
				GCC_WARN_UNDECLARED_SELECTOR = YES;
				GCC_WARN_UNINITIALIZED_AUTOS = YES_AGGRESSIVE;
				GCC_WARN_UNUSED_FUNCTION = YES;
				GCC_WARN_UNUSED_VARIABLE = YES;
				IPHONEOS_DEPLOYMENT_TARGET = 8.1;
				MTL_ENABLE_DEBUG_INFO = YES;
				ONLY_ACTIVE_ARCH = YES;
				SDKROOT = iphoneos;
			};
			name = Debug;
		};
		5723A6051A1A31DB002A1417 /* Release */ = {
			isa = XCBuildConfiguration;
			buildSettings = {
				ALWAYS_SEARCH_USER_PATHS = NO;
				CLANG_CXX_LANGUAGE_STANDARD = "gnu++0x";
				CLANG_CXX_LIBRARY = "libc++";
				CLANG_ENABLE_MODULES = YES;
				CLANG_ENABLE_OBJC_ARC = YES;
				CLANG_WARN_BOOL_CONVERSION = YES;
				CLANG_WARN_CONSTANT_CONVERSION = YES;
				CLANG_WARN_DIRECT_OBJC_ISA_USAGE = YES_ERROR;
				CLANG_WARN_EMPTY_BODY = YES;
				CLANG_WARN_ENUM_CONVERSION = YES;
				CLANG_WARN_INT_CONVERSION = YES;
				CLANG_WARN_OBJC_ROOT_CLASS = YES_ERROR;
				CLANG_WARN_UNREACHABLE_CODE = YES;
				CLANG_WARN__DUPLICATE_METHOD_MATCH = YES;
				"CODE_SIGN_IDENTITY[sdk=iphoneos*]" = "iPhone Developer";
				COPY_PHASE_STRIP = YES;
				ENABLE_NS_ASSERTIONS = NO;
				ENABLE_STRICT_OBJC_MSGSEND = YES;
				GCC_C_LANGUAGE_STANDARD = gnu99;
				GCC_WARN_64_TO_32_BIT_CONVERSION = YES;
				GCC_WARN_ABOUT_RETURN_TYPE = YES_ERROR;
				GCC_WARN_UNDECLARED_SELECTOR = YES;
				GCC_WARN_UNINITIALIZED_AUTOS = YES_AGGRESSIVE;
				GCC_WARN_UNUSED_FUNCTION = YES;
				GCC_WARN_UNUSED_VARIABLE = YES;
				IPHONEOS_DEPLOYMENT_TARGET = 8.1;
				MTL_ENABLE_DEBUG_INFO = NO;
				SDKROOT = iphoneos;
				VALIDATE_PRODUCT = YES;
			};
			name = Release;
		};
		5723A6071A1A31DB002A1417 /* Debug */ = {
			isa = XCBuildConfiguration;
			buildSettings = {
				ASSETCATALOG_COMPILER_APPICON_NAME = AppIcon;
				INFOPLIST_FILE = TableViewHomeWork2/Info.plist;
				LD_RUNPATH_SEARCH_PATHS = "$(inherited) @executable_path/Frameworks";
				PRODUCT_NAME = "$(TARGET_NAME)";
			};
			name = Debug;
		};
		5723A6081A1A31DB002A1417 /* Release */ = {
			isa = XCBuildConfiguration;
			buildSettings = {
				ASSETCATALOG_COMPILER_APPICON_NAME = AppIcon;
				INFOPLIST_FILE = TableViewHomeWork2/Info.plist;
				LD_RUNPATH_SEARCH_PATHS = "$(inherited) @executable_path/Frameworks";
				PRODUCT_NAME = "$(TARGET_NAME)";
			};
			name = Release;
		};
		5723A60A1A1A31DB002A1417 /* Debug */ = {
			isa = XCBuildConfiguration;
			buildSettings = {
				BUNDLE_LOADER = "$(TEST_HOST)";
				FRAMEWORK_SEARCH_PATHS = (
					"$(SDKROOT)/Developer/Library/Frameworks",
					"$(inherited)",
				);
				GCC_PREPROCESSOR_DEFINITIONS = (
					"DEBUG=1",
					"$(inherited)",
				);
				INFOPLIST_FILE = TableViewHomeWork2Tests/Info.plist;
				LD_RUNPATH_SEARCH_PATHS = "$(inherited) @executable_path/Frameworks @loader_path/Frameworks";
				PRODUCT_NAME = "$(TARGET_NAME)";
				TEST_HOST = "$(BUILT_PRODUCTS_DIR)/TableViewHomeWork2.app/TableViewHomeWork2";
			};
			name = Debug;
		};
		5723A60B1A1A31DB002A1417 /* Release */ = {
			isa = XCBuildConfiguration;
			buildSettings = {
				BUNDLE_LOADER = "$(TEST_HOST)";
				FRAMEWORK_SEARCH_PATHS = (
					"$(SDKROOT)/Developer/Library/Frameworks",
					"$(inherited)",
				);
				INFOPLIST_FILE = TableViewHomeWork2Tests/Info.plist;
				LD_RUNPATH_SEARCH_PATHS = "$(inherited) @executable_path/Frameworks @loader_path/Frameworks";
				PRODUCT_NAME = "$(TARGET_NAME)";
				TEST_HOST = "$(BUILT_PRODUCTS_DIR)/TableViewHomeWork2.app/TableViewHomeWork2";
			};
			name = Release;
		};
/* End XCBuildConfiguration section */

/* Begin XCConfigurationList section */
		5723A5DE1A1A31DB002A1417 /* Build configuration list for PBXProject "TableViewHomeWork2" */ = {
			isa = XCConfigurationList;
			buildConfigurations = (
				5723A6041A1A31DB002A1417 /* Debug */,
				5723A6051A1A31DB002A1417 /* Release */,
			);
			defaultConfigurationIsVisible = 0;
			defaultConfigurationName = Release;
		};
		5723A6061A1A31DB002A1417 /* Build configuration list for PBXNativeTarget "TableViewHomeWork2" */ = {
			isa = XCConfigurationList;
			buildConfigurations = (
				5723A6071A1A31DB002A1417 /* Debug */,
				5723A6081A1A31DB002A1417 /* Release */,
			);
			defaultConfigurationIsVisible = 0;
		};
		5723A6091A1A31DB002A1417 /* Build configuration list for PBXNativeTarget "TableViewHomeWork2Tests" */ = {
			isa = XCConfigurationList;
			buildConfigurations = (
				5723A60A1A1A31DB002A1417 /* Debug */,
				5723A60B1A1A31DB002A1417 /* Release */,
			);
			defaultConfigurationIsVisible = 0;
		};
/* End XCConfigurationList section */
	};
	rootObject = 5723A5DB1A1A31DB002A1417 /* Project object */;
}
