// !$*UTF8*$!
{
	archiveVersion = 1;
	classes = {
	};
	objectVersion = 46;
	objects = {

/* Begin PBXBuildFile section */
		573373B41A18F70300688F41 /* main.m in Sources */ = {isa = PBXBuildFile; fileRef = 573373B31A18F70300688F41 /* main.m */; };
		573373B71A18F70300688F41 /* AppDelegate.m in Sources */ = {isa = PBXBuildFile; fileRef = 573373B61A18F70300688F41 /* AppDelegate.m */; };
		573373BA1A18F70300688F41 /* ViewController.m in Sources */ = {isa = PBXBuildFile; fileRef = 573373B91A18F70300688F41 /* ViewController.m */; };
		573373BD1A18F70300688F41 /* Main.storyboard in Resources */ = {isa = PBXBuildFile; fileRef = 573373BB1A18F70300688F41 /* Main.storyboard */; };
		573373BF1A18F70300688F41 /* Images.xcassets in Resources */ = {isa = PBXBuildFile; fileRef = 573373BE1A18F70300688F41 /* Images.xcassets */; };
		573373C21A18F70300688F41 /* LaunchScreen.xib in Resources */ = {isa = PBXBuildFile; fileRef = 573373C01A18F70300688F41 /* LaunchScreen.xib */; };
		573373CE1A18F70300688F41 /* TableViewHomeWorkTests.m in Sources */ = {isa = PBXBuildFile; fileRef = 573373CD1A18F70300688F41 /* TableViewHomeWorkTests.m */; };
		573373DA1A18FB1C00688F41 /* VSTableViewController.m in Sources */ = {isa = PBXBuildFile; fileRef = 573373D91A18FB1C00688F41 /* VSTableViewController.m */; };
		57B9F8DA1A1937A100F3935B /* Default-568h@2x.png in Resources */ = {isa = PBXBuildFile; fileRef = 57B9F8D91A1937A100F3935B /* Default-568h@2x.png */; };
/* End PBXBuildFile section */

/* Begin PBXContainerItemProxy section */
		573373C81A18F70300688F41 /* PBXContainerItemProxy */ = {
			isa = PBXContainerItemProxy;
			containerPortal = 573373A61A18F70300688F41 /* Project object */;
			proxyType = 1;
			remoteGlobalIDString = 573373AD1A18F70300688F41;
			remoteInfo = TableViewHomeWork;
		};
/* End PBXContainerItemProxy section */

/* Begin PBXFileReference section */
		573373AE1A18F70300688F41 /* TableViewHomeWork.app */ = {isa = PBXFileReference; explicitFileType = wrapper.application; includeInIndex = 0; path = TableViewHomeWork.app; sourceTree = BUILT_PRODUCTS_DIR; };
		573373B21A18F70300688F41 /* Info.plist */ = {isa = PBXFileReference; lastKnownFileType = text.plist.xml; path = Info.plist; sourceTree = "<group>"; };
		573373B31A18F70300688F41 /* main.m */ = {isa = PBXFileReference; lastKnownFileType = sourcecode.c.objc; path = main.m; sourceTree = "<group>"; };
		573373B51A18F70300688F41 /* AppDelegate.h */ = {isa = PBXFileReference; lastKnownFileType = sourcecode.c.h; path = AppDelegate.h; sourceTree = "<group>"; };
		573373B61A18F70300688F41 /* AppDelegate.m */ = {isa = PBXFileReference; lastKnownFileType = sourcecode.c.objc; path = AppDelegate.m; sourceTree = "<group>"; };
		573373B81A18F70300688F41 /* ViewController.h */ = {isa = PBXFileReference; lastKnownFileType = sourcecode.c.h; path = ViewController.h; sourceTree = "<group>"; };
		573373B91A18F70300688F41 /* ViewController.m */ = {isa = PBXFileReference; lastKnownFileType = sourcecode.c.objc; path = ViewController.m; sourceTree = "<group>"; };
		573373BC1A18F70300688F41 /* Base */ = {isa = PBXFileReference; lastKnownFileType = file.storyboard; name = Base; path = Base.lproj/Main.storyboard; sourceTree = "<group>"; };
		573373BE1A18F70300688F41 /* Images.xcassets */ = {isa = PBXFileReference; lastKnownFileType = folder.assetcatalog; path = Images.xcassets; sourceTree = "<group>"; };
		573373C11A18F70300688F41 /* Base */ = {isa = PBXFileReference; lastKnownFileType = file.xib; name = Base; path = Base.lproj/LaunchScreen.xib; sourceTree = "<group>"; };
		573373C71A18F70300688F41 /* TableViewHomeWorkTests.xctest */ = {isa = PBXFileReference; explicitFileType = wrapper.cfbundle; includeInIndex = 0; path = TableViewHomeWorkTests.xctest; sourceTree = BUILT_PRODUCTS_DIR; };
		573373CC1A18F70300688F41 /* Info.plist */ = {isa = PBXFileReference; lastKnownFileType = text.plist.xml; path = Info.plist; sourceTree = "<group>"; };
		573373CD1A18F70300688F41 /* TableViewHomeWorkTests.m */ = {isa = PBXFileReference; lastKnownFileType = sourcecode.c.objc; path = TableViewHomeWorkTests.m; sourceTree = "<group>"; };
		573373D81A18FB1C00688F41 /* VSTableViewController.h */ = {isa = PBXFileReference; fileEncoding = 4; lastKnownFileType = sourcecode.c.h; path = VSTableViewController.h; sourceTree = "<group>"; };
		573373D91A18FB1C00688F41 /* VSTableViewController.m */ = {isa = PBXFileReference; fileEncoding = 4; lastKnownFileType = sourcecode.c.objc; path = VSTableViewController.m; sourceTree = "<group>"; };
		57B9F8D91A1937A100F3935B /* Default-568h@2x.png */ = {isa = PBXFileReference; lastKnownFileType = image.png; path = "Default-568h@2x.png"; sourceTree = "<group>"; };
/* End PBXFileReference section */

/* Begin PBXFrameworksBuildPhase section */
		573373AB1A18F70300688F41 /* Frameworks */ = {
			isa = PBXFrameworksBuildPhase;
			buildActionMask = 2147483647;
			files = (
			);
			runOnlyForDeploymentPostprocessing = 0;
		};
		573373C41A18F70300688F41 /* Frameworks */ = {
			isa = PBXFrameworksBuildPhase;
			buildActionMask = 2147483647;
			files = (
			);
			runOnlyForDeploymentPostprocessing = 0;
		};
/* End PBXFrameworksBuildPhase section */

/* Begin PBXGroup section */
		573373A51A18F70300688F41 = {
			isa = PBXGroup;
			children = (
				57B9F8D91A1937A100F3935B /* Default-568h@2x.png */,
				573373B01A18F70300688F41 /* TableViewHomeWork */,
				573373CA1A18F70300688F41 /* TableViewHomeWorkTests */,
				573373AF1A18F70300688F41 /* Products */,
			);
			sourceTree = "<group>";
		};
		573373AF1A18F70300688F41 /* Products */ = {
			isa = PBXGroup;
			children = (
				573373AE1A18F70300688F41 /* TableViewHomeWork.app */,
				573373C71A18F70300688F41 /* TableViewHomeWorkTests.xctest */,
			);
			name = Products;
			sourceTree = "<group>";
		};
		573373B01A18F70300688F41 /* TableViewHomeWork */ = {
			isa = PBXGroup;
			children = (
				573373D81A18FB1C00688F41 /* VSTableViewController.h */,
				573373D91A18FB1C00688F41 /* VSTableViewController.m */,
				573373B51A18F70300688F41 /* AppDelegate.h */,
				573373B61A18F70300688F41 /* AppDelegate.m */,
				573373B81A18F70300688F41 /* ViewController.h */,
				573373B91A18F70300688F41 /* ViewController.m */,
				573373BB1A18F70300688F41 /* Main.storyboard */,
				573373BE1A18F70300688F41 /* Images.xcassets */,
				573373C01A18F70300688F41 /* LaunchScreen.xib */,
				573373B11A18F70300688F41 /* Supporting Files */,
			);
			path = TableViewHomeWork;
			sourceTree = "<group>";
		};
		573373B11A18F70300688F41 /* Supporting Files */ = {
			isa = PBXGroup;
			children = (
				573373B21A18F70300688F41 /* Info.plist */,
				573373B31A18F70300688F41 /* main.m */,
			);
			name = "Supporting Files";
			sourceTree = "<group>";
		};
		573373CA1A18F70300688F41 /* TableViewHomeWorkTests */ = {
			isa = PBXGroup;
			children = (
				573373CD1A18F70300688F41 /* TableViewHomeWorkTests.m */,
				573373CB1A18F70300688F41 /* Supporting Files */,
			);
			path = TableViewHomeWorkTests;
			sourceTree = "<group>";
		};
		573373CB1A18F70300688F41 /* Supporting Files */ = {
			isa = PBXGroup;
			children = (
				573373CC1A18F70300688F41 /* Info.plist */,
			);
			name = "Supporting Files";
			sourceTree = "<group>";
		};
/* End PBXGroup section */

/* Begin PBXNativeTarget section */
		573373AD1A18F70300688F41 /* TableViewHomeWork */ = {
			isa = PBXNativeTarget;
			buildConfigurationList = 573373D11A18F70300688F41 /* Build configuration list for PBXNativeTarget "TableViewHomeWork" */;
			buildPhases = (
				573373AA1A18F70300688F41 /* Sources */,
				573373AB1A18F70300688F41 /* Frameworks */,
				573373AC1A18F70300688F41 /* Resources */,
			);
			buildRules = (
			);
			dependencies = (
			);
			name = TableViewHomeWork;
			productName = TableViewHomeWork;
			productReference = 573373AE1A18F70300688F41 /* TableViewHomeWork.app */;
			productType = "com.apple.product-type.application";
		};
		573373C61A18F70300688F41 /* TableViewHomeWorkTests */ = {
			isa = PBXNativeTarget;
			buildConfigurationList = 573373D41A18F70300688F41 /* Build configuration list for PBXNativeTarget "TableViewHomeWorkTests" */;
			buildPhases = (
				573373C31A18F70300688F41 /* Sources */,
				573373C41A18F70300688F41 /* Frameworks */,
				573373C51A18F70300688F41 /* Resources */,
			);
			buildRules = (
			);
			dependencies = (
				573373C91A18F70300688F41 /* PBXTargetDependency */,
			);
			name = TableViewHomeWorkTests;
			productName = TableViewHomeWorkTests;
			productReference = 573373C71A18F70300688F41 /* TableViewHomeWorkTests.xctest */;
			productType = "com.apple.product-type.bundle.unit-test";
		};
/* End PBXNativeTarget section */

/* Begin PBXProject section */
		573373A61A18F70300688F41 /* Project object */ = {
			isa = PBXProject;
			attributes = {
				LastUpgradeCheck = 0610;
				ORGANIZATIONNAME = "Volodymyr Shchygorets";
				TargetAttributes = {
					573373AD1A18F70300688F41 = {
						CreatedOnToolsVersion = 6.1;
					};
					573373C61A18F70300688F41 = {
						CreatedOnToolsVersion = 6.1;
						TestTargetID = 573373AD1A18F70300688F41;
					};
				};
			};
			buildConfigurationList = 573373A91A18F70300688F41 /* Build configuration list for PBXProject "TableViewHomeWork" */;
			compatibilityVersion = "Xcode 3.2";
			developmentRegion = English;
			hasScannedForEncodings = 0;
			knownRegions = (
				en,
				Base,
			);
			mainGroup = 573373A51A18F70300688F41;
			productRefGroup = 573373AF1A18F70300688F41 /* Products */;
			projectDirPath = "";
			projectRoot = "";
			targets = (
				573373AD1A18F70300688F41 /* TableViewHomeWork */,
				573373C61A18F70300688F41 /* TableViewHomeWorkTests */,
			);
		};
/* End PBXProject section */

/* Begin PBXResourcesBuildPhase section */
		573373AC1A18F70300688F41 /* Resources */ = {
			isa = PBXResourcesBuildPhase;
			buildActionMask = 2147483647;
			files = (
				573373BD1A18F70300688F41 /* Main.storyboard in Resources */,
				57B9F8DA1A1937A100F3935B /* Default-568h@2x.png in Resources */,
				573373C21A18F70300688F41 /* LaunchScreen.xib in Resources */,
				573373BF1A18F70300688F41 /* Images.xcassets in Resources */,
			);
			runOnlyForDeploymentPostprocessing = 0;
		};
		573373C51A18F70300688F41 /* Resources */ = {
			isa = PBXResourcesBuildPhase;
			buildActionMask = 2147483647;
			files = (
			);
			runOnlyForDeploymentPostprocessing = 0;
		};
/* End PBXResourcesBuildPhase section */

/* Begin PBXSourcesBuildPhase section */
		573373AA1A18F70300688F41 /* Sources */ = {
			isa = PBXSourcesBuildPhase;
			buildActionMask = 2147483647;
			files = (
				573373BA1A18F70300688F41 /* ViewController.m in Sources */,
				573373B71A18F70300688F41 /* AppDelegate.m in Sources */,
				573373DA1A18FB1C00688F41 /* VSTableViewController.m in Sources */,
				573373B41A18F70300688F41 /* main.m in Sources */,
			);
			runOnlyForDeploymentPostprocessing = 0;
		};
		573373C31A18F70300688F41 /* Sources */ = {
			isa = PBXSourcesBuildPhase;
			buildActionMask = 2147483647;
			files = (
				573373CE1A18F70300688F41 /* TableViewHomeWorkTests.m in Sources */,
			);
			runOnlyForDeploymentPostprocessing = 0;
		};
/* End PBXSourcesBuildPhase section */

/* Begin PBXTargetDependency section */
		573373C91A18F70300688F41 /* PBXTargetDependency */ = {
			isa = PBXTargetDependency;
			target = 573373AD1A18F70300688F41 /* TableViewHomeWork */;
			targetProxy = 573373C81A18F70300688F41 /* PBXContainerItemProxy */;
		};
/* End PBXTargetDependency section */

/* Begin PBXVariantGroup section */
		573373BB1A18F70300688F41 /* Main.storyboard */ = {
			isa = PBXVariantGroup;
			children = (
				573373BC1A18F70300688F41 /* Base */,
			);
			name = Main.storyboard;
			sourceTree = "<group>";
		};
		573373C01A18F70300688F41 /* LaunchScreen.xib */ = {
			isa = PBXVariantGroup;
			children = (
				573373C11A18F70300688F41 /* Base */,
			);
			name = LaunchScreen.xib;
			sourceTree = "<group>";
		};
/* End PBXVariantGroup section */

/* Begin XCBuildConfiguration section */
		573373CF1A18F70300688F41 /* Debug */ = {
			isa = XCBuildConfiguration;
			buildSettings = {
				ALWAYS_SEARCH_USER_PATHS = NO;
				CLANG_CXX_LANGUAGE_STANDARD = "gnu++0x";
				CLANG_CXX_LIBRARY = "libc++";
				CLANG_ENABLE_MODULES = YES;
				CLANG_ENABLE_OBJC_ARC = YES;
				CLANG_WARN_BOOL_CONVERSION = YES;
				CLANG_WARN_CONSTANT_CONVERSION = YES;
				CLANG_WARN_DIRECT_OBJC_ISA_USAGE = YES_ERROR;
				CLANG_WARN_EMPTY_BODY = YES;
				CLANG_WARN_ENUM_CONVERSION = YES;
				CLANG_WARN_INT_CONVERSION = YES;
				CLANG_WARN_OBJC_ROOT_CLASS = YES_ERROR;
				CLANG_WARN_UNREACHABLE_CODE = YES;
				CLANG_WARN__DUPLICATE_METHOD_MATCH = YES;
				"CODE_SIGN_IDENTITY[sdk=iphoneos*]" = "iPhone Developer";
				COPY_PHASE_STRIP = NO;
				ENABLE_STRICT_OBJC_MSGSEND = YES;
				GCC_C_LANGUAGE_STANDARD = gnu99;
				GCC_DYNAMIC_NO_PIC = NO;
				GCC_OPTIMIZATION_LEVEL = 0;
				GCC_PREPROCESSOR_DEFINITIONS = (
					"DEBUG=1",
					"$(inherited)",
				);
				GCC_SYMBOLS_PRIVATE_EXTERN = NO;
				GCC_WARN_64_TO_32_BIT_CONVERSION = YES;
				GCC_WARN_ABOUT_RETURN_TYPE = YES_ERROR;
				GCC_WARN_UNDECLARED_SELECTOR = YES;
				GCC_WARN_UNINITIALIZED_AUTOS = YES_AGGRESSIVE;
				GCC_WARN_UNUSED_FUNCTION = YES;
				GCC_WARN_UNUSED_VARIABLE = YES;
				IPHONEOS_DEPLOYMENT_TARGET = 8.1;
				MTL_ENABLE_DEBUG_INFO = YES;
				ONLY_ACTIVE_ARCH = YES;
				SDKROOT = iphoneos;
			};
			name = Debug;
		};
		573373D01A18F70300688F41 /* Release */ = {
			isa = XCBuildConfiguration;
			buildSettings = {
				ALWAYS_SEARCH_USER_PATHS = NO;
				CLANG_CXX_LANGUAGE_STANDARD = "gnu++0x";
				CLANG_CXX_LIBRARY = "libc++";
				CLANG_ENABLE_MODULES = YES;
				CLANG_ENABLE_OBJC_ARC = YES;
				CLANG_WARN_BOOL_CONVERSION = YES;
				CLANG_WARN_CONSTANT_CONVERSION = YES;
				CLANG_WARN_DIRECT_OBJC_ISA_USAGE = YES_ERROR;
				CLANG_WARN_EMPTY_BODY = YES;
				CLANG_WARN_ENUM_CONVERSION = YES;
				CLANG_WARN_INT_CONVERSION = YES;
				CLANG_WARN_OBJC_ROOT_CLASS = YES_ERROR;
				CLANG_WARN_UNREACHABLE_CODE = YES;
				CLANG_WARN__DUPLICATE_METHOD_MATCH = YES;
				"CODE_SIGN_IDENTITY[sdk=iphoneos*]" = "iPhone Developer";
				COPY_PHASE_STRIP = YES;
				ENABLE_NS_ASSERTIONS = NO;
				ENABLE_STRICT_OBJC_MSGSEND = YES;
				GCC_C_LANGUAGE_STANDARD = gnu99;
				GCC_WARN_64_TO_32_BIT_CONVERSION = YES;
				GCC_WARN_ABOUT_RETURN_TYPE = YES_ERROR;
				GCC_WARN_UNDECLARED_SELECTOR = YES;
				GCC_WARN_UNINITIALIZED_AUTOS = YES_AGGRESSIVE;
				GCC_WARN_UNUSED_FUNCTION = YES;
				GCC_WARN_UNUSED_VARIABLE = YES;
				IPHONEOS_DEPLOYMENT_TARGET = 8.1;
				MTL_ENABLE_DEBUG_INFO = NO;
				SDKROOT = iphoneos;
				VALIDATE_PRODUCT = YES;
			};
			name = Release;
		};
		573373D21A18F70300688F41 /* Debug */ = {
			isa = XCBuildConfiguration;
			buildSettings = {
				ASSETCATALOG_COMPILER_APPICON_NAME = AppIcon;
				INFOPLIST_FILE = TableViewHomeWork/Info.plist;
				LD_RUNPATH_SEARCH_PATHS = "$(inherited) @executable_path/Frameworks";
				PRODUCT_NAME = "$(TARGET_NAME)";
			};
			name = Debug;
		};
		573373D31A18F70300688F41 /* Release */ = {
			isa = XCBuildConfiguration;
			buildSettings = {
				ASSETCATALOG_COMPILER_APPICON_NAME = AppIcon;
				INFOPLIST_FILE = TableViewHomeWork/Info.plist;
				LD_RUNPATH_SEARCH_PATHS = "$(inherited) @executable_path/Frameworks";
				PRODUCT_NAME = "$(TARGET_NAME)";
			};
			name = Release;
		};
		573373D51A18F70300688F41 /* Debug */ = {
			isa = XCBuildConfiguration;
			buildSettings = {
				BUNDLE_LOADER = "$(TEST_HOST)";
				FRAMEWORK_SEARCH_PATHS = (
					"$(SDKROOT)/Developer/Library/Frameworks",
					"$(inherited)",
				);
				GCC_PREPROCESSOR_DEFINITIONS = (
					"DEBUG=1",
					"$(inherited)",
				);
				INFOPLIST_FILE = TableViewHomeWorkTests/Info.plist;
				LD_RUNPATH_SEARCH_PATHS = "$(inherited) @executable_path/Frameworks @loader_path/Frameworks";
				PRODUCT_NAME = "$(TARGET_NAME)";
				TEST_HOST = "$(BUILT_PRODUCTS_DIR)/TableViewHomeWork.app/TableViewHomeWork";
			};
			name = Debug;
		};
		573373D61A18F70300688F41 /* Release */ = {
			isa = XCBuildConfiguration;
			buildSettings = {
				BUNDLE_LOADER = "$(TEST_HOST)";
				FRAMEWORK_SEARCH_PATHS = (
					"$(SDKROOT)/Developer/Library/Frameworks",
					"$(inherited)",
				);
				INFOPLIST_FILE = TableViewHomeWorkTests/Info.plist;
				LD_RUNPATH_SEARCH_PATHS = "$(inherited) @executable_path/Frameworks @loader_path/Frameworks";
				PRODUCT_NAME = "$(TARGET_NAME)";
				TEST_HOST = "$(BUILT_PRODUCTS_DIR)/TableViewHomeWork.app/TableViewHomeWork";
			};
			name = Release;
		};
/* End XCBuildConfiguration section */

/* Begin XCConfigurationList section */
		573373A91A18F70300688F41 /* Build configuration list for PBXProject "TableViewHomeWork" */ = {
			isa = XCConfigurationList;
			buildConfigurations = (
				573373CF1A18F70300688F41 /* Debug */,
				573373D01A18F70300688F41 /* Release */,
			);
			defaultConfigurationIsVisible = 0;
			defaultConfigurationName = Release;
		};
		573373D11A18F70300688F41 /* Build configuration list for PBXNativeTarget "TableViewHomeWork" */ = {
			isa = XCConfigurationList;
			buildConfigurations = (
				573373D21A18F70300688F41 /* Debug */,
				573373D31A18F70300688F41 /* Release */,
			);
			defaultConfigurationIsVisible = 0;
			defaultConfigurationName = Release;
		};
		573373D41A18F70300688F41 /* Build configuration list for PBXNativeTarget "TableViewHomeWorkTests" */ = {
			isa = XCConfigurationList;
			buildConfigurations = (
				573373D51A18F70300688F41 /* Debug */,
				573373D61A18F70300688F41 /* Release */,
			);
			defaultConfigurationIsVisible = 0;
			defaultConfigurationName = Release;
		};
/* End XCConfigurationList section */
	};
	rootObject = 573373A61A18F70300688F41 /* Project object */;
}
